
Microsoft Visual Studio Solution File, Format Version 12.00
# Visual Studio 15
VisualStudioVersion = 15.0.28307.705
MinimumVisualStudioVersion = 10.0.40219.1
Project("{FAE04EC0-301F-11D3-BF4B-00C04F79EFBC}") = "WindowsFormsApp4", "WindowsFormsApp4\WindowsFormsApp4.csproj", "{89DDD424-AD71-4EFF-A35F-629961FD53DB}"
EndProject
Project("{2150E333-8FDC-42A3-9474-1A3956D46DE8}") = "Solution Items", "Solution Items", "{64280EF3-5116-4F83-BAB1-66E36D74E21D}"
EndProject
Project("{FAE04EC0-301F-11D3-BF4B-00C04F79EFBC}") = "ConsoleApp5", "WindowsFormsApp4\ConsoleApp5\ConsoleApp5\ConsoleApp5.csproj", "{CD620D00-8824-407D-AA88-6D0F131538E9}"
EndProject
Global
	GlobalSection(SolutionConfigurationPlatforms) = preSolution
		Debug|Any CPU = Debug|Any CPU
		Release|Any CPU = Release|Any CPU
	EndGlobalSection
	GlobalSection(ProjectConfigurationPlatforms) = postSolution
		{89DDD424-AD71-4EFF-A35F-629961FD53DB}.Debug|Any CPU.ActiveCfg = Debug|Any CPU
		{89DDD424-AD71-4EFF-A35F-629961FD53DB}.Debug|Any CPU.Build.0 = Debug|Any CPU
		{89DDD424-AD71-4EFF-A35F-629961FD53DB}.Release|Any CPU.ActiveCfg = Release|Any CPU
		{89DDD424-AD71-4EFF-A35F-629961FD53DB}.Release|Any CPU.Build.0 = Release|Any CPU
		{CD620D00-8824-407D-AA88-6D0F131538E9}.Debug|Any CPU.ActiveCfg = Debug|Any CPU
		{CD620D00-8824-407D-AA88-6D0F131538E9}.Debug|Any CPU.Build.0 = Debug|Any CPU
		{CD620D00-8824-407D-AA88-6D0F131538E9}.Release|Any CPU.ActiveCfg = Release|Any CPU
		{CD620D00-8824-407D-AA88-6D0F131538E9}.Release|Any CPU.Build.0 = Release|Any CPU
	EndGlobalSection
	GlobalSection(SolutionProperties) = preSolution
		HideSolutionNode = FALSE
	EndGlobalSection
	GlobalSection(ExtensibilityGlobals) = postSolution
		SolutionGuid = {1EA28349-4632-4734-BCF8-82747732E8A1}
	EndGlobalSection
EndGlobal
